// !$*UTF8*$!
{
	archiveVersion = 1;
	classes = {
	};
	objectVersion = 46;
	objects = {

/* Begin PBXBuildFile section */
		5017D32116C993AF0046DB49 /* Foundation.framework in Frameworks */ = {isa = PBXBuildFile; fileRef = 5017D32016C993AF0046DB49 /* Foundation.framework */; };
		5017D32616C993AF0046DB49 /* mpdClientLibarary.h in CopyFiles */ = {isa = PBXBuildFile; fileRef = 5017D32516C993AF0046DB49 /* mpdClientLibarary.h */; };
		5017D32816C993AF0046DB49 /* mpdClientLibarary.m in Sources */ = {isa = PBXBuildFile; fileRef = 5017D32716C993AF0046DB49 /* mpdClientLibarary.m */; };
		5017D33016C993AF0046DB49 /* SenTestingKit.framework in Frameworks */ = {isa = PBXBuildFile; fileRef = 5017D32F16C993AF0046DB49 /* SenTestingKit.framework */; };
		5017D33216C993AF0046DB49 /* UIKit.framework in Frameworks */ = {isa = PBXBuildFile; fileRef = 5017D33116C993AF0046DB49 /* UIKit.framework */; };
		5017D33316C993AF0046DB49 /* Foundation.framework in Frameworks */ = {isa = PBXBuildFile; fileRef = 5017D32016C993AF0046DB49 /* Foundation.framework */; };
		5017D33616C993AF0046DB49 /* libmpdClientLibarary.a in Frameworks */ = {isa = PBXBuildFile; fileRef = 5017D31D16C993AF0046DB49 /* libmpdClientLibarary.a */; };
		5017D33C16C993AF0046DB49 /* InfoPlist.strings in Resources */ = {isa = PBXBuildFile; fileRef = 5017D33A16C993AF0046DB49 /* InfoPlist.strings */; };
		5017D33F16C993AF0046DB49 /* mpdClientLibararyTests.m in Sources */ = {isa = PBXBuildFile; fileRef = 5017D33E16C993AF0046DB49 /* mpdClientLibararyTests.m */; };
		5017D42B16C994BD0046DB49 /* async.c in Sources */ = {isa = PBXBuildFile; fileRef = 5017D3F016C994BD0046DB49 /* async.c */; };
		5017D42C16C994BD0046DB49 /* capabilities.c in Sources */ = {isa = PBXBuildFile; fileRef = 5017D3F216C994BD0046DB49 /* capabilities.c */; };
		5017D42D16C994BD0046DB49 /* cmessage.c in Sources */ = {isa = PBXBuildFile; fileRef = 5017D3F316C994BD0046DB49 /* cmessage.c */; };
		5017D42E16C994BD0046DB49 /* connection.c in Sources */ = {isa = PBXBuildFile; fileRef = 5017D3F416C994BD0046DB49 /* connection.c */; };
		5017D42F16C994BD0046DB49 /* coutput.c in Sources */ = {isa = PBXBuildFile; fileRef = 5017D3F516C994BD0046DB49 /* coutput.c */; };
		5017D43016C994BD0046DB49 /* cplaylist.c in Sources */ = {isa = PBXBuildFile; fileRef = 5017D3F616C994BD0046DB49 /* cplaylist.c */; };
		5017D43116C994BD0046DB49 /* cstats.c in Sources */ = {isa = PBXBuildFile; fileRef = 5017D3F716C994BD0046DB49 /* cstats.c */; };
		5017D43216C994BD0046DB49 /* cstatus.c in Sources */ = {isa = PBXBuildFile; fileRef = 5017D3F816C994BD0046DB49 /* cstatus.c */; };
		5017D43316C994BD0046DB49 /* database.c in Sources */ = {isa = PBXBuildFile; fileRef = 5017D3F916C994BD0046DB49 /* database.c */; };
		5017D43416C994BD0046DB49 /* directory.c in Sources */ = {isa = PBXBuildFile; fileRef = 5017D3FA16C994BD0046DB49 /* directory.c */; };
		5017D43516C994BD0046DB49 /* entity.c in Sources */ = {isa = PBXBuildFile; fileRef = 5017D3FB16C994BD0046DB49 /* entity.c */; };
		5017D43616C994BD0046DB49 /* error.c in Sources */ = {isa = PBXBuildFile; fileRef = 5017D3FC16C994BD0046DB49 /* error.c */; };
		5017D43716C994BD0046DB49 /* example.c in Sources */ = {isa = PBXBuildFile; fileRef = 5017D3FD16C994BD0046DB49 /* example.c */; };
		5017D43816C994BD0046DB49 /* fd_util.c in Sources */ = {isa = PBXBuildFile; fileRef = 5017D3FE16C994BD0046DB49 /* fd_util.c */; };
		5017D43916C994BD0046DB49 /* idle.c in Sources */ = {isa = PBXBuildFile; fileRef = 5017D40116C994BD0046DB49 /* idle.c */; };
		5017D43A16C994BD0046DB49 /* ierror.c in Sources */ = {isa = PBXBuildFile; fileRef = 5017D40216C994BD0046DB49 /* ierror.c */; };
		5017D43B16C994BD0046DB49 /* iso8601.c in Sources */ = {isa = PBXBuildFile; fileRef = 5017D40616C994BD0046DB49 /* iso8601.c */; };
		5017D43C16C994BD0046DB49 /* list.c in Sources */ = {isa = PBXBuildFile; fileRef = 5017D40816C994BD0046DB49 /* list.c */; };
		5017D43D16C994BD0046DB49 /* message.c in Sources */ = {isa = PBXBuildFile; fileRef = 5017D40916C994BD0046DB49 /* message.c */; };
		5017D43E16C994BD0046DB49 /* mixer.c in Sources */ = {isa = PBXBuildFile; fileRef = 5017D40A16C994BD0046DB49 /* mixer.c */; };
		5017D43F16C994BD0046DB49 /* output.c in Sources */ = {isa = PBXBuildFile; fileRef = 5017D40B16C994BD0046DB49 /* output.c */; };
		5017D44016C994BD0046DB49 /* parser.c in Sources */ = {isa = PBXBuildFile; fileRef = 5017D40C16C994BD0046DB49 /* parser.c */; };
		5017D44116C994BD0046DB49 /* password.c in Sources */ = {isa = PBXBuildFile; fileRef = 5017D40D16C994BD0046DB49 /* password.c */; };
		5017D44216C994BD0046DB49 /* player.c in Sources */ = {isa = PBXBuildFile; fileRef = 5017D40E16C994BD0046DB49 /* player.c */; };
		5017D44316C994BD0046DB49 /* playlist.c in Sources */ = {isa = PBXBuildFile; fileRef = 5017D40F16C994BD0046DB49 /* playlist.c */; };
		5017D44416C994BD0046DB49 /* queue.c in Sources */ = {isa = PBXBuildFile; fileRef = 5017D41016C994BD0046DB49 /* queue.c */; };
		5017D44516C994BD0046DB49 /* quote.c in Sources */ = {isa = PBXBuildFile; fileRef = 5017D41116C994BD0046DB49 /* quote.c */; };
		5017D44616C994BD0046DB49 /* rdirectory.c in Sources */ = {isa = PBXBuildFile; fileRef = 5017D41316C994BD0046DB49 /* rdirectory.c */; };
		5017D44716C994BD0046DB49 /* recv.c in Sources */ = {isa = PBXBuildFile; fileRef = 5017D41416C994BD0046DB49 /* recv.c */; };
		5017D44816C994BD0046DB49 /* resolver.c in Sources */ = {isa = PBXBuildFile; fileRef = 5017D41516C994BD0046DB49 /* resolver.c */; };
		5017D44916C994BD0046DB49 /* response.c in Sources */ = {isa = PBXBuildFile; fileRef = 5017D41716C994BD0046DB49 /* response.c */; };
		5017D44A16C994BD0046DB49 /* rplaylist.c in Sources */ = {isa = PBXBuildFile; fileRef = 5017D41816C994BD0046DB49 /* rplaylist.c */; };
		5017D44B16C994BD0046DB49 /* run.c in Sources */ = {isa = PBXBuildFile; fileRef = 5017D41916C994BD0046DB49 /* run.c */; };
		5017D44C16C994BD0046DB49 /* search.c in Sources */ = {isa = PBXBuildFile; fileRef = 5017D41B16C994BD0046DB49 /* search.c */; };
		5017D44D16C994BD0046DB49 /* send.c in Sources */ = {isa = PBXBuildFile; fileRef = 5017D41C16C994BD0046DB49 /* send.c */; };
		5017D44E16C994BD0046DB49 /* settings.c in Sources */ = {isa = PBXBuildFile; fileRef = 5017D41D16C994BD0046DB49 /* settings.c */; };
		5017D44F16C994BD0046DB49 /* socket.c in Sources */ = {isa = PBXBuildFile; fileRef = 5017D41E16C994BD0046DB49 /* socket.c */; };
		5017D45016C994BD0046DB49 /* song.c in Sources */ = {isa = PBXBuildFile; fileRef = 5017D42016C994BD0046DB49 /* song.c */; };
		5017D45116C994BD0046DB49 /* stats.c in Sources */ = {isa = PBXBuildFile; fileRef = 5017D42116C994BD0046DB49 /* stats.c */; };
		5017D45216C994BD0046DB49 /* status.c in Sources */ = {isa = PBXBuildFile; fileRef = 5017D42216C994BD0046DB49 /* status.c */; };
		5017D45316C994BD0046DB49 /* sticker.c in Sources */ = {isa = PBXBuildFile; fileRef = 5017D42316C994BD0046DB49 /* sticker.c */; };
		5017D45416C994BD0046DB49 /* sync.c in Sources */ = {isa = PBXBuildFile; fileRef = 5017D42416C994BD0046DB49 /* sync.c */; };
		5017D45516C994BD0046DB49 /* tag.c in Sources */ = {isa = PBXBuildFile; fileRef = 5017D42616C994BD0046DB49 /* tag.c */; };
		5017D45616C994BD0046DB49 /* main.c in Sources */ = {isa = PBXBuildFile; fileRef = 5017D42916C994BD0046DB49 /* main.c */; };
		5017D45716C994BD0046DB49 /* t_iso8601.c in Sources */ = {isa = PBXBuildFile; fileRef = 5017D42A16C994BD0046DB49 /* t_iso8601.c */; };
/* End PBXBuildFile section */

/* Begin PBXContainerItemProxy section */
		5017D33416C993AF0046DB49 /* PBXContainerItemProxy */ = {
			isa = PBXContainerItemProxy;
			containerPortal = 5017D31516C993AF0046DB49 /* Project object */;
			proxyType = 1;
			remoteGlobalIDString = 5017D31C16C993AF0046DB49;
			remoteInfo = mpdClientLibarary;
		};
/* End PBXContainerItemProxy section */

/* Begin PBXCopyFilesBuildPhase section */
		5017D31B16C993AF0046DB49 /* CopyFiles */ = {
			isa = PBXCopyFilesBuildPhase;
			buildActionMask = 2147483647;
			dstPath = "include/${PRODUCT_NAME}";
			dstSubfolderSpec = 16;
			files = (
				5017D32616C993AF0046DB49 /* mpdClientLibarary.h in CopyFiles */,
			);
			runOnlyForDeploymentPostprocessing = 0;
		};
/* End PBXCopyFilesBuildPhase section */

/* Begin PBXFileReference section */
		5017D31D16C993AF0046DB49 /* libmpdClientLibarary.a */ = {isa = PBXFileReference; explicitFileType = archive.ar; includeInIndex = 0; path = libmpdClientLibarary.a; sourceTree = BUILT_PRODUCTS_DIR; };
		5017D32016C993AF0046DB49 /* Foundation.framework */ = {isa = PBXFileReference; lastKnownFileType = wrapper.framework; name = Foundation.framework; path = System/Library/Frameworks/Foundation.framework; sourceTree = SDKROOT; };
		5017D32416C993AF0046DB49 /* mpdClientLibarary-Prefix.pch */ = {isa = PBXFileReference; lastKnownFileType = sourcecode.c.h; path = "mpdClientLibarary-Prefix.pch"; sourceTree = "<group>"; };
		5017D32516C993AF0046DB49 /* mpdClientLibarary.h */ = {isa = PBXFileReference; lastKnownFileType = sourcecode.c.h; path = mpdClientLibarary.h; sourceTree = "<group>"; };
		5017D32716C993AF0046DB49 /* mpdClientLibarary.m */ = {isa = PBXFileReference; lastKnownFileType = sourcecode.c.objc; path = mpdClientLibarary.m; sourceTree = "<group>"; };
		5017D32E16C993AF0046DB49 /* mpdClientLibararyTests.octest */ = {isa = PBXFileReference; explicitFileType = wrapper.cfbundle; includeInIndex = 0; path = mpdClientLibararyTests.octest; sourceTree = BUILT_PRODUCTS_DIR; };
		5017D32F16C993AF0046DB49 /* SenTestingKit.framework */ = {isa = PBXFileReference; lastKnownFileType = wrapper.framework; name = SenTestingKit.framework; path = Library/Frameworks/SenTestingKit.framework; sourceTree = DEVELOPER_DIR; };
		5017D33116C993AF0046DB49 /* UIKit.framework */ = {isa = PBXFileReference; lastKnownFileType = wrapper.framework; name = UIKit.framework; path = Library/Frameworks/UIKit.framework; sourceTree = DEVELOPER_DIR; };
		5017D33916C993AF0046DB49 /* mpdClientLibararyTests-Info.plist */ = {isa = PBXFileReference; lastKnownFileType = text.plist.xml; path = "mpdClientLibararyTests-Info.plist"; sourceTree = "<group>"; };
		5017D33B16C993AF0046DB49 /* en */ = {isa = PBXFileReference; lastKnownFileType = text.plist.strings; name = en; path = en.lproj/InfoPlist.strings; sourceTree = "<group>"; };
		5017D33D16C993AF0046DB49 /* mpdClientLibararyTests.h */ = {isa = PBXFileReference; lastKnownFileType = sourcecode.c.h; path = mpdClientLibararyTests.h; sourceTree = "<group>"; };
		5017D33E16C993AF0046DB49 /* mpdClientLibararyTests.m */ = {isa = PBXFileReference; lastKnownFileType = sourcecode.c.objc; path = mpdClientLibararyTests.m; sourceTree = "<group>"; };
		5017D3AC16C994BD0046DB49 /* .INSTALL.swp */ = {isa = PBXFileReference; lastKnownFileType = file; path = .INSTALL.swp; sourceTree = "<group>"; };
		5017D3AD16C994BD0046DB49 /* aclocal.m4 */ = {isa = PBXFileReference; fileEncoding = 4; lastKnownFileType = text; path = aclocal.m4; sourceTree = "<group>"; };
		5017D3AE16C994BD0046DB49 /* AUTHORS */ = {isa = PBXFileReference; fileEncoding = 4; lastKnownFileType = text; path = AUTHORS; sourceTree = "<group>"; };
		5017D3AF16C994BD0046DB49 /* autogen.sh */ = {isa = PBXFileReference; fileEncoding = 4; lastKnownFileType = text.script.sh; path = autogen.sh; sourceTree = "<group>"; };
		5017D3B116C994BD0046DB49 /* config.guess */ = {isa = PBXFileReference; fileEncoding = 4; lastKnownFileType = text.script.sh; path = config.guess; sourceTree = "<group>"; };
		5017D3B216C994BD0046DB49 /* config.sub */ = {isa = PBXFileReference; fileEncoding = 4; lastKnownFileType = text.script.sh; path = config.sub; sourceTree = "<group>"; };
		5017D3B316C994BD0046DB49 /* depcomp */ = {isa = PBXFileReference; fileEncoding = 4; lastKnownFileType = text.script.sh; path = depcomp; sourceTree = "<group>"; };
		5017D3B416C994BD0046DB49 /* install-sh */ = {isa = PBXFileReference; fileEncoding = 4; lastKnownFileType = text.script.sh; path = "install-sh"; sourceTree = "<group>"; };
		5017D3B516C994BD0046DB49 /* ltmain.sh */ = {isa = PBXFileReference; fileEncoding = 4; lastKnownFileType = text.script.sh; path = ltmain.sh; sourceTree = "<group>"; };
		5017D3B616C994BD0046DB49 /* missing */ = {isa = PBXFileReference; fileEncoding = 4; lastKnownFileType = text.script.sh; path = missing; sourceTree = "<group>"; };
		5017D3B716C994BD0046DB49 /* config.h.in */ = {isa = PBXFileReference; fileEncoding = 4; lastKnownFileType = text; path = config.h.in; sourceTree = "<group>"; };
		5017D3B816C994BD0046DB49 /* configure */ = {isa = PBXFileReference; fileEncoding = 4; lastKnownFileType = text.script.sh; path = configure; sourceTree = "<group>"; };
		5017D3B916C994BD0046DB49 /* configure.ac */ = {isa = PBXFileReference; fileEncoding = 4; lastKnownFileType = text; path = configure.ac; sourceTree = "<group>"; };
		5017D3BA16C994BD0046DB49 /* COPYING */ = {isa = PBXFileReference; fileEncoding = 4; lastKnownFileType = text; path = COPYING; sourceTree = "<group>"; };
		5017D3BC16C994BD0046DB49 /* doxygen.conf.in */ = {isa = PBXFileReference; fileEncoding = 4; lastKnownFileType = text; path = doxygen.conf.in; sourceTree = "<group>"; };
		5017D3BF16C994BD0046DB49 /* async.h */ = {isa = PBXFileReference; fileEncoding = 4; lastKnownFileType = sourcecode.c.h; path = async.h; sourceTree = "<group>"; };
		5017D3C016C994BD0046DB49 /* audio_format.h */ = {isa = PBXFileReference; fileEncoding = 4; lastKnownFileType = sourcecode.c.h; path = audio_format.h; sourceTree = "<group>"; };
		5017D3C116C994BD0046DB49 /* capabilities.h */ = {isa = PBXFileReference; fileEncoding = 4; lastKnownFileType = sourcecode.c.h; path = capabilities.h; sourceTree = "<group>"; };
		5017D3C216C994BD0046DB49 /* client.h */ = {isa = PBXFileReference; fileEncoding = 4; lastKnownFileType = sourcecode.c.h; path = client.h; sourceTree = "<group>"; };
		5017D3C316C994BD0046DB49 /* compiler.h */ = {isa = PBXFileReference; fileEncoding = 4; lastKnownFileType = sourcecode.c.h; path = compiler.h; sourceTree = "<group>"; };
		5017D3C416C994BD0046DB49 /* connection.h */ = {isa = PBXFileReference; fileEncoding = 4; lastKnownFileType = sourcecode.c.h; path = connection.h; sourceTree = "<group>"; };
		5017D3C516C994BD0046DB49 /* database.h */ = {isa = PBXFileReference; fileEncoding = 4; lastKnownFileType = sourcecode.c.h; path = database.h; sourceTree = "<group>"; };
		5017D3C616C994BD0046DB49 /* directory.h */ = {isa = PBXFileReference; fileEncoding = 4; lastKnownFileType = sourcecode.c.h; path = directory.h; sourceTree = "<group>"; };
		5017D3C716C994BD0046DB49 /* entity.h */ = {isa = PBXFileReference; fileEncoding = 4; lastKnownFileType = sourcecode.c.h; path = entity.h; sourceTree = "<group>"; };
		5017D3C816C994BD0046DB49 /* error.h */ = {isa = PBXFileReference; fileEncoding = 4; lastKnownFileType = sourcecode.c.h; path = error.h; sourceTree = "<group>"; };
		5017D3C916C994BD0046DB49 /* idle.h */ = {isa = PBXFileReference; fileEncoding = 4; lastKnownFileType = sourcecode.c.h; path = idle.h; sourceTree = "<group>"; };
		5017D3CA16C994BD0046DB49 /* list.h */ = {isa = PBXFileReference; fileEncoding = 4; lastKnownFileType = sourcecode.c.h; path = list.h; sourceTree = "<group>"; };
		5017D3CB16C994BD0046DB49 /* message.h */ = {isa = PBXFileReference; fileEncoding = 4; lastKnownFileType = sourcecode.c.h; path = message.h; sourceTree = "<group>"; };
		5017D3CC16C994BD0046DB49 /* mixer.h */ = {isa = PBXFileReference; fileEncoding = 4; lastKnownFileType = sourcecode.c.h; path = mixer.h; sourceTree = "<group>"; };
		5017D3CD16C994BD0046DB49 /* output.h */ = {isa = PBXFileReference; fileEncoding = 4; lastKnownFileType = sourcecode.c.h; path = output.h; sourceTree = "<group>"; };
		5017D3CE16C994BD0046DB49 /* pair.h */ = {isa = PBXFileReference; fileEncoding = 4; lastKnownFileType = sourcecode.c.h; path = pair.h; sourceTree = "<group>"; };
		5017D3CF16C994BD0046DB49 /* parser.h */ = {isa = PBXFileReference; fileEncoding = 4; lastKnownFileType = sourcecode.c.h; path = parser.h; sourceTree = "<group>"; };
		5017D3D016C994BD0046DB49 /* password.h */ = {isa = PBXFileReference; fileEncoding = 4; lastKnownFileType = sourcecode.c.h; path = password.h; sourceTree = "<group>"; };
		5017D3D116C994BD0046DB49 /* player.h */ = {isa = PBXFileReference; fileEncoding = 4; lastKnownFileType = sourcecode.c.h; path = player.h; sourceTree = "<group>"; };
		5017D3D216C994BD0046DB49 /* playlist.h */ = {isa = PBXFileReference; fileEncoding = 4; lastKnownFileType = sourcecode.c.h; path = playlist.h; sourceTree = "<group>"; };
		5017D3D316C994BD0046DB49 /* protocol.h */ = {isa = PBXFileReference; fileEncoding = 4; lastKnownFileType = sourcecode.c.h; path = protocol.h; sourceTree = "<group>"; };
		5017D3D416C994BD0046DB49 /* queue.h */ = {isa = PBXFileReference; fileEncoding = 4; lastKnownFileType = sourcecode.c.h; path = queue.h; sourceTree = "<group>"; };
		5017D3D516C994BD0046DB49 /* recv.h */ = {isa = PBXFileReference; fileEncoding = 4; lastKnownFileType = sourcecode.c.h; path = recv.h; sourceTree = "<group>"; };
		5017D3D616C994BD0046DB49 /* response.h */ = {isa = PBXFileReference; fileEncoding = 4; lastKnownFileType = sourcecode.c.h; path = response.h; sourceTree = "<group>"; };
		5017D3D716C994BD0046DB49 /* search.h */ = {isa = PBXFileReference; fileEncoding = 4; lastKnownFileType = sourcecode.c.h; path = search.h; sourceTree = "<group>"; };
		5017D3D816C994BD0046DB49 /* send.h */ = {isa = PBXFileReference; fileEncoding = 4; lastKnownFileType = sourcecode.c.h; path = send.h; sourceTree = "<group>"; };
		5017D3D916C994BD0046DB49 /* settings.h */ = {isa = PBXFileReference; fileEncoding = 4; lastKnownFileType = sourcecode.c.h; path = settings.h; sourceTree = "<group>"; };
		5017D3DA16C994BD0046DB49 /* song.h */ = {isa = PBXFileReference; fileEncoding = 4; lastKnownFileType = sourcecode.c.h; path = song.h; sourceTree = "<group>"; };
		5017D3DB16C994BD0046DB49 /* stats.h */ = {isa = PBXFileReference; fileEncoding = 4; lastKnownFileType = sourcecode.c.h; path = stats.h; sourceTree = "<group>"; };
		5017D3DC16C994BD0046DB49 /* status.h */ = {isa = PBXFileReference; fileEncoding = 4; lastKnownFileType = sourcecode.c.h; path = status.h; sourceTree = "<group>"; };
		5017D3DD16C994BD0046DB49 /* sticker.h */ = {isa = PBXFileReference; fileEncoding = 4; lastKnownFileType = sourcecode.c.h; path = sticker.h; sourceTree = "<group>"; };
		5017D3DE16C994BD0046DB49 /* tag.h */ = {isa = PBXFileReference; fileEncoding = 4; lastKnownFileType = sourcecode.c.h; path = tag.h; sourceTree = "<group>"; };
		5017D3DF16C994BD0046DB49 /* version.h */ = {isa = PBXFileReference; fileEncoding = 4; lastKnownFileType = sourcecode.c.h; path = version.h; sourceTree = "<group>"; };
		5017D3E016C994BD0046DB49 /* version.h.in */ = {isa = PBXFileReference; fileEncoding = 4; lastKnownFileType = text; path = version.h.in; sourceTree = "<group>"; };
		5017D3E116C994BD0046DB49 /* INSTALL */ = {isa = PBXFileReference; fileEncoding = 4; lastKnownFileType = text; path = INSTALL; sourceTree = "<group>"; };
		5017D3E216C994BD0046DB49 /* libmpdclient.ld */ = {isa = PBXFileReference; fileEncoding = 4; lastKnownFileType = text; path = libmpdclient.ld; sourceTree = "<group>"; };
		5017D3E316C994BD0046DB49 /* libmpdclient.pc.in */ = {isa = PBXFileReference; fileEncoding = 4; lastKnownFileType = text; path = libmpdclient.pc.in; sourceTree = "<group>"; };
		5017D3E516C994BD0046DB49 /* ax_check_compiler_flags.m4 */ = {isa = PBXFileReference; fileEncoding = 4; lastKnownFileType = text; path = ax_check_compiler_flags.m4; sourceTree = "<group>"; };
		5017D3E616C994BD0046DB49 /* libtool.m4 */ = {isa = PBXFileReference; fileEncoding = 4; lastKnownFileType = text; path = libtool.m4; sourceTree = "<group>"; };
		5017D3E716C994BD0046DB49 /* ltoptions.m4 */ = {isa = PBXFileReference; fileEncoding = 4; lastKnownFileType = text; path = ltoptions.m4; sourceTree = "<group>"; };
		5017D3E816C994BD0046DB49 /* ltsugar.m4 */ = {isa = PBXFileReference; fileEncoding = 4; lastKnownFileType = text; path = ltsugar.m4; sourceTree = "<group>"; };
		5017D3E916C994BD0046DB49 /* ltversion.m4 */ = {isa = PBXFileReference; fileEncoding = 4; lastKnownFileType = text; path = ltversion.m4; sourceTree = "<group>"; };
		5017D3EA16C994BD0046DB49 /* lt~obsolete.m4 */ = {isa = PBXFileReference; fileEncoding = 4; lastKnownFileType = text; path = "lt~obsolete.m4"; sourceTree = "<group>"; };
		5017D3EB16C994BD0046DB49 /* Makefile.am */ = {isa = PBXFileReference; fileEncoding = 4; lastKnownFileType = text; path = Makefile.am; sourceTree = "<group>"; };
		5017D3EC16C994BD0046DB49 /* Makefile.in */ = {isa = PBXFileReference; fileEncoding = 4; lastKnownFileType = text; path = Makefile.in; sourceTree = "<group>"; };
		5017D3ED16C994BD0046DB49 /* NEWS */ = {isa = PBXFileReference; fileEncoding = 4; lastKnownFileType = text; path = NEWS; sourceTree = "<group>"; };
		5017D3EE16C994BD0046DB49 /* README */ = {isa = PBXFileReference; fileEncoding = 4; lastKnownFileType = text; path = README; sourceTree = "<group>"; };
		5017D3F016C994BD0046DB49 /* async.c */ = {isa = PBXFileReference; fileEncoding = 4; lastKnownFileType = sourcecode.c.c; path = async.c; sourceTree = "<group>"; };
		5017D3F116C994BD0046DB49 /* buffer.h */ = {isa = PBXFileReference; fileEncoding = 4; lastKnownFileType = sourcecode.c.h; path = buffer.h; sourceTree = "<group>"; };
		5017D3F216C994BD0046DB49 /* capabilities.c */ = {isa = PBXFileReference; fileEncoding = 4; lastKnownFileType = sourcecode.c.c; path = capabilities.c; sourceTree = "<group>"; };
		5017D3F316C994BD0046DB49 /* cmessage.c */ = {isa = PBXFileReference; fileEncoding = 4; lastKnownFileType = sourcecode.c.c; path = cmessage.c; sourceTree = "<group>"; };
		5017D3F416C994BD0046DB49 /* connection.c */ = {isa = PBXFileReference; fileEncoding = 4; lastKnownFileType = sourcecode.c.c; path = connection.c; sourceTree = "<group>"; };
		5017D3F516C994BD0046DB49 /* coutput.c */ = {isa = PBXFileReference; fileEncoding = 4; lastKnownFileType = sourcecode.c.c; path = coutput.c; sourceTree = "<group>"; };
		5017D3F616C994BD0046DB49 /* cplaylist.c */ = {isa = PBXFileReference; fileEncoding = 4; lastKnownFileType = sourcecode.c.c; path = cplaylist.c; sourceTree = "<group>"; };
		5017D3F716C994BD0046DB49 /* cstats.c */ = {isa = PBXFileReference; fileEncoding = 4; lastKnownFileType = sourcecode.c.c; path = cstats.c; sourceTree = "<group>"; };
		5017D3F816C994BD0046DB49 /* cstatus.c */ = {isa = PBXFileReference; fileEncoding = 4; lastKnownFileType = sourcecode.c.c; path = cstatus.c; sourceTree = "<group>"; };
		5017D3F916C994BD0046DB49 /* database.c */ = {isa = PBXFileReference; fileEncoding = 4; lastKnownFileType = sourcecode.c.c; path = database.c; sourceTree = "<group>"; };
		5017D3FA16C994BD0046DB49 /* directory.c */ = {isa = PBXFileReference; fileEncoding = 4; lastKnownFileType = sourcecode.c.c; path = directory.c; sourceTree = "<group>"; };
		5017D3FB16C994BD0046DB49 /* entity.c */ = {isa = PBXFileReference; fileEncoding = 4; lastKnownFileType = sourcecode.c.c; path = entity.c; sourceTree = "<group>"; };
		5017D3FC16C994BD0046DB49 /* error.c */ = {isa = PBXFileReference; fileEncoding = 4; lastKnownFileType = sourcecode.c.c; path = error.c; sourceTree = "<group>"; };
		5017D3FD16C994BD0046DB49 /* example.c */ = {isa = PBXFileReference; fileEncoding = 4; lastKnownFileType = sourcecode.c.c; path = example.c; sourceTree = "<group>"; };
		5017D3FE16C994BD0046DB49 /* fd_util.c */ = {isa = PBXFileReference; fileEncoding = 4; lastKnownFileType = sourcecode.c.c; path = fd_util.c; sourceTree = "<group>"; };
		5017D3FF16C994BD0046DB49 /* fd_util.h */ = {isa = PBXFileReference; fileEncoding = 4; lastKnownFileType = sourcecode.c.h; path = fd_util.h; sourceTree = "<group>"; };
		5017D40016C994BD0046DB49 /* iasync.h */ = {isa = PBXFileReference; fileEncoding = 4; lastKnownFileType = sourcecode.c.h; path = iasync.h; sourceTree = "<group>"; };
		5017D40116C994BD0046DB49 /* idle.c */ = {isa = PBXFileReference; fileEncoding = 4; lastKnownFileType = sourcecode.c.c; path = idle.c; sourceTree = "<group>"; };
		5017D40216C994BD0046DB49 /* ierror.c */ = {isa = PBXFileReference; fileEncoding = 4; lastKnownFileType = sourcecode.c.c; path = ierror.c; sourceTree = "<group>"; };
		5017D40316C994BD0046DB49 /* ierror.h */ = {isa = PBXFileReference; fileEncoding = 4; lastKnownFileType = sourcecode.c.h; path = ierror.h; sourceTree = "<group>"; };
		5017D40416C994BD0046DB49 /* internal.h */ = {isa = PBXFileReference; fileEncoding = 4; lastKnownFileType = sourcecode.c.h; path = internal.h; sourceTree = "<group>"; };
		5017D40516C994BD0046DB49 /* isend.h */ = {isa = PBXFileReference; fileEncoding = 4; lastKnownFileType = sourcecode.c.h; path = isend.h; sourceTree = "<group>"; };
		5017D40616C994BD0046DB49 /* iso8601.c */ = {isa = PBXFileReference; fileEncoding = 4; lastKnownFileType = sourcecode.c.c; path = iso8601.c; sourceTree = "<group>"; };
		5017D40716C994BD0046DB49 /* iso8601.h */ = {isa = PBXFileReference; fileEncoding = 4; lastKnownFileType = sourcecode.c.h; path = iso8601.h; sourceTree = "<group>"; };
		5017D40816C994BD0046DB49 /* list.c */ = {isa = PBXFileReference; fileEncoding = 4; lastKnownFileType = sourcecode.c.c; path = list.c; sourceTree = "<group>"; };
		5017D40916C994BD0046DB49 /* message.c */ = {isa = PBXFileReference; fileEncoding = 4; lastKnownFileType = sourcecode.c.c; path = message.c; sourceTree = "<group>"; };
		5017D40A16C994BD0046DB49 /* mixer.c */ = {isa = PBXFileReference; fileEncoding = 4; lastKnownFileType = sourcecode.c.c; path = mixer.c; sourceTree = "<group>"; };
		5017D40B16C994BD0046DB49 /* output.c */ = {isa = PBXFileReference; fileEncoding = 4; lastKnownFileType = sourcecode.c.c; path = output.c; sourceTree = "<group>"; };
		5017D40C16C994BD0046DB49 /* parser.c */ = {isa = PBXFileReference; fileEncoding = 4; lastKnownFileType = sourcecode.c.c; path = parser.c; sourceTree = "<group>"; };
		5017D40D16C994BD0046DB49 /* password.c */ = {isa = PBXFileReference; fileEncoding = 4; lastKnownFileType = sourcecode.c.c; path = password.c; sourceTree = "<group>"; };
		5017D40E16C994BD0046DB49 /* player.c */ = {isa = PBXFileReference; fileEncoding = 4; lastKnownFileType = sourcecode.c.c; path = player.c; sourceTree = "<group>"; };
		5017D40F16C994BD0046DB49 /* playlist.c */ = {isa = PBXFileReference; fileEncoding = 4; lastKnownFileType = sourcecode.c.c; path = playlist.c; sourceTree = "<group>"; };
		5017D41016C994BD0046DB49 /* queue.c */ = {isa = PBXFileReference; fileEncoding = 4; lastKnownFileType = sourcecode.c.c; path = queue.c; sourceTree = "<group>"; };
		5017D41116C994BD0046DB49 /* quote.c */ = {isa = PBXFileReference; fileEncoding = 4; lastKnownFileType = sourcecode.c.c; path = quote.c; sourceTree = "<group>"; };
		5017D41216C994BD0046DB49 /* quote.h */ = {isa = PBXFileReference; fileEncoding = 4; lastKnownFileType = sourcecode.c.h; path = quote.h; sourceTree = "<group>"; };
		5017D41316C994BD0046DB49 /* rdirectory.c */ = {isa = PBXFileReference; fileEncoding = 4; lastKnownFileType = sourcecode.c.c; path = rdirectory.c; sourceTree = "<group>"; };
		5017D41416C994BD0046DB49 /* recv.c */ = {isa = PBXFileReference; fileEncoding = 4; lastKnownFileType = sourcecode.c.c; path = recv.c; sourceTree = "<group>"; };
		5017D41516C994BD0046DB49 /* resolver.c */ = {isa = PBXFileReference; fileEncoding = 4; lastKnownFileType = sourcecode.c.c; path = resolver.c; sourceTree = "<group>"; };
		5017D41616C994BD0046DB49 /* resolver.h */ = {isa = PBXFileReference; fileEncoding = 4; lastKnownFileType = sourcecode.c.h; path = resolver.h; sourceTree = "<group>"; };
		5017D41716C994BD0046DB49 /* response.c */ = {isa = PBXFileReference; fileEncoding = 4; lastKnownFileType = sourcecode.c.c; path = response.c; sourceTree = "<group>"; };
		5017D41816C994BD0046DB49 /* rplaylist.c */ = {isa = PBXFileReference; fileEncoding = 4; lastKnownFileType = sourcecode.c.c; path = rplaylist.c; sourceTree = "<group>"; };
		5017D41916C994BD0046DB49 /* run.c */ = {isa = PBXFileReference; fileEncoding = 4; lastKnownFileType = sourcecode.c.c; path = run.c; sourceTree = "<group>"; };
		5017D41A16C994BD0046DB49 /* run.h */ = {isa = PBXFileReference; fileEncoding = 4; lastKnownFileType = sourcecode.c.h; path = run.h; sourceTree = "<group>"; };
		5017D41B16C994BD0046DB49 /* search.c */ = {isa = PBXFileReference; fileEncoding = 4; lastKnownFileType = sourcecode.c.c; path = search.c; sourceTree = "<group>"; };
		5017D41C16C994BD0046DB49 /* send.c */ = {isa = PBXFileReference; fileEncoding = 4; lastKnownFileType = sourcecode.c.c; path = send.c; sourceTree = "<group>"; };
		5017D41D16C994BD0046DB49 /* settings.c */ = {isa = PBXFileReference; fileEncoding = 4; lastKnownFileType = sourcecode.c.c; path = settings.c; sourceTree = "<group>"; };
		5017D41E16C994BD0046DB49 /* socket.c */ = {isa = PBXFileReference; fileEncoding = 4; lastKnownFileType = sourcecode.c.c; path = socket.c; sourceTree = "<group>"; };
		5017D41F16C994BD0046DB49 /* socket.h */ = {isa = PBXFileReference; fileEncoding = 4; lastKnownFileType = sourcecode.c.h; path = socket.h; sourceTree = "<group>"; };
		5017D42016C994BD0046DB49 /* song.c */ = {isa = PBXFileReference; fileEncoding = 4; lastKnownFileType = sourcecode.c.c; path = song.c; sourceTree = "<group>"; };
		5017D42116C994BD0046DB49 /* stats.c */ = {isa = PBXFileReference; fileEncoding = 4; lastKnownFileType = sourcecode.c.c; path = stats.c; sourceTree = "<group>"; };
		5017D42216C994BD0046DB49 /* status.c */ = {isa = PBXFileReference; fileEncoding = 4; lastKnownFileType = sourcecode.c.c; path = status.c; sourceTree = "<group>"; };
		5017D42316C994BD0046DB49 /* sticker.c */ = {isa = PBXFileReference; fileEncoding = 4; lastKnownFileType = sourcecode.c.c; path = sticker.c; sourceTree = "<group>"; };
		5017D42416C994BD0046DB49 /* sync.c */ = {isa = PBXFileReference; fileEncoding = 4; lastKnownFileType = sourcecode.c.c; path = sync.c; sourceTree = "<group>"; };
		5017D42516C994BD0046DB49 /* sync.h */ = {isa = PBXFileReference; fileEncoding = 4; lastKnownFileType = sourcecode.c.h; path = sync.h; sourceTree = "<group>"; };
		5017D42616C994BD0046DB49 /* tag.c */ = {isa = PBXFileReference; fileEncoding = 4; lastKnownFileType = sourcecode.c.c; path = tag.c; sourceTree = "<group>"; };
		5017D42716C994BD0046DB49 /* uri.h */ = {isa = PBXFileReference; fileEncoding = 4; lastKnownFileType = sourcecode.c.h; path = uri.h; sourceTree = "<group>"; };
		5017D42916C994BD0046DB49 /* main.c */ = {isa = PBXFileReference; fileEncoding = 4; lastKnownFileType = sourcecode.c.c; path = main.c; sourceTree = "<group>"; };
		5017D42A16C994BD0046DB49 /* t_iso8601.c */ = {isa = PBXFileReference; fileEncoding = 4; lastKnownFileType = sourcecode.c.c; path = t_iso8601.c; sourceTree = "<group>"; };
/* End PBXFileReference section */

/* Begin PBXFrameworksBuildPhase section */
		5017D31A16C993AF0046DB49 /* Frameworks */ = {
			isa = PBXFrameworksBuildPhase;
			buildActionMask = 2147483647;
			files = (
				5017D32116C993AF0046DB49 /* Foundation.framework in Frameworks */,
			);
			runOnlyForDeploymentPostprocessing = 0;
		};
		5017D32A16C993AF0046DB49 /* Frameworks */ = {
			isa = PBXFrameworksBuildPhase;
			buildActionMask = 2147483647;
			files = (
				5017D33016C993AF0046DB49 /* SenTestingKit.framework in Frameworks */,
				5017D33216C993AF0046DB49 /* UIKit.framework in Frameworks */,
				5017D33316C993AF0046DB49 /* Foundation.framework in Frameworks */,
				5017D33616C993AF0046DB49 /* libmpdClientLibarary.a in Frameworks */,
			);
			runOnlyForDeploymentPostprocessing = 0;
		};
/* End PBXFrameworksBuildPhase section */

/* Begin PBXGroup section */
		5017D31416C993AF0046DB49 = {
			isa = PBXGroup;
			children = (
				5017D3AB16C994BD0046DB49 /* libmpdclient-2.7 */,
				5017D32216C993AF0046DB49 /* mpdClientLibarary */,
				5017D33716C993AF0046DB49 /* mpdClientLibararyTests */,
				5017D31F16C993AF0046DB49 /* Frameworks */,
				5017D31E16C993AF0046DB49 /* Products */,
			);
			sourceTree = "<group>";
		};
		5017D31E16C993AF0046DB49 /* Products */ = {
			isa = PBXGroup;
			children = (
				5017D31D16C993AF0046DB49 /* libmpdClientLibarary.a */,
				5017D32E16C993AF0046DB49 /* mpdClientLibararyTests.octest */,
			);
			name = Products;
			sourceTree = "<group>";
		};
		5017D31F16C993AF0046DB49 /* Frameworks */ = {
			isa = PBXGroup;
			children = (
				5017D32016C993AF0046DB49 /* Foundation.framework */,
				5017D32F16C993AF0046DB49 /* SenTestingKit.framework */,
				5017D33116C993AF0046DB49 /* UIKit.framework */,
			);
			name = Frameworks;
			sourceTree = "<group>";
		};
		5017D32216C993AF0046DB49 /* mpdClientLibarary */ = {
			isa = PBXGroup;
			children = (
				5017D32516C993AF0046DB49 /* mpdClientLibarary.h */,
				5017D32716C993AF0046DB49 /* mpdClientLibarary.m */,
				5017D32316C993AF0046DB49 /* Supporting Files */,
			);
			path = mpdClientLibarary;
			sourceTree = "<group>";
		};
		5017D32316C993AF0046DB49 /* Supporting Files */ = {
			isa = PBXGroup;
			children = (
				5017D32416C993AF0046DB49 /* mpdClientLibarary-Prefix.pch */,
			);
			name = "Supporting Files";
			sourceTree = "<group>";
		};
		5017D33716C993AF0046DB49 /* mpdClientLibararyTests */ = {
			isa = PBXGroup;
			children = (
				5017D33D16C993AF0046DB49 /* mpdClientLibararyTests.h */,
				5017D33E16C993AF0046DB49 /* mpdClientLibararyTests.m */,
				5017D33816C993AF0046DB49 /* Supporting Files */,
			);
			path = mpdClientLibararyTests;
			sourceTree = "<group>";
		};
		5017D33816C993AF0046DB49 /* Supporting Files */ = {
			isa = PBXGroup;
			children = (
				5017D33916C993AF0046DB49 /* mpdClientLibararyTests-Info.plist */,
				5017D33A16C993AF0046DB49 /* InfoPlist.strings */,
			);
			name = "Supporting Files";
			sourceTree = "<group>";
		};
		5017D3AB16C994BD0046DB49 /* libmpdclient-2.7 */ = {
			isa = PBXGroup;
			children = (
				5017D3AC16C994BD0046DB49 /* .INSTALL.swp */,
				5017D3AD16C994BD0046DB49 /* aclocal.m4 */,
				5017D3AE16C994BD0046DB49 /* AUTHORS */,
				5017D3AF16C994BD0046DB49 /* autogen.sh */,
				5017D3B016C994BD0046DB49 /* build */,
				5017D3B716C994BD0046DB49 /* config.h.in */,
				5017D3B816C994BD0046DB49 /* configure */,
				5017D3B916C994BD0046DB49 /* configure.ac */,
				5017D3BA16C994BD0046DB49 /* COPYING */,
				5017D3BB16C994BD0046DB49 /* doc */,
				5017D3BD16C994BD0046DB49 /* include */,
				5017D3E116C994BD0046DB49 /* INSTALL */,
				5017D3E216C994BD0046DB49 /* libmpdclient.ld */,
				5017D3E316C994BD0046DB49 /* libmpdclient.pc.in */,
				5017D3E416C994BD0046DB49 /* m4 */,
				5017D3EB16C994BD0046DB49 /* Makefile.am */,
				5017D3EC16C994BD0046DB49 /* Makefile.in */,
				5017D3ED16C994BD0046DB49 /* NEWS */,
				5017D3EE16C994BD0046DB49 /* README */,
				5017D3EF16C994BD0046DB49 /* src */,
				5017D42816C994BD0046DB49 /* test */,
			);
			name = "libmpdclient-2.7";
			path = "../libmpdclient-2.7";
			sourceTree = "<group>";
		};
		5017D3B016C994BD0046DB49 /* build */ = {
			isa = PBXGroup;
			children = (
				5017D3B116C994BD0046DB49 /* config.guess */,
				5017D3B216C994BD0046DB49 /* config.sub */,
				5017D3B316C994BD0046DB49 /* depcomp */,
				5017D3B416C994BD0046DB49 /* install-sh */,
				5017D3B516C994BD0046DB49 /* ltmain.sh */,
				5017D3B616C994BD0046DB49 /* missing */,
			);
			path = build;
			sourceTree = "<group>";
		};
		5017D3BB16C994BD0046DB49 /* doc */ = {
			isa = PBXGroup;
			children = (
				5017D3BC16C994BD0046DB49 /* doxygen.conf.in */,
			);
			path = doc;
			sourceTree = "<group>";
		};
		5017D3BD16C994BD0046DB49 /* include */ = {
			isa = PBXGroup;
			children = (
				5017D3BE16C994BD0046DB49 /* mpd */,
			);
			path = include;
			sourceTree = "<group>";
		};
		5017D3BE16C994BD0046DB49 /* mpd */ = {
			isa = PBXGroup;
			children = (
				5017D3BF16C994BD0046DB49 /* async.h */,
				5017D3C016C994BD0046DB49 /* audio_format.h */,
				5017D3C116C994BD0046DB49 /* capabilities.h */,
				5017D3C216C994BD0046DB49 /* client.h */,
				5017D3C316C994BD0046DB49 /* compiler.h */,
				5017D3C416C994BD0046DB49 /* connection.h */,
				5017D3C516C994BD0046DB49 /* database.h */,
				5017D3C616C994BD0046DB49 /* directory.h */,
				5017D3C716C994BD0046DB49 /* entity.h */,
				5017D3C816C994BD0046DB49 /* error.h */,
				5017D3C916C994BD0046DB49 /* idle.h */,
				5017D3CA16C994BD0046DB49 /* list.h */,
				5017D3CB16C994BD0046DB49 /* message.h */,
				5017D3CC16C994BD0046DB49 /* mixer.h */,
				5017D3CD16C994BD0046DB49 /* output.h */,
				5017D3CE16C994BD0046DB49 /* pair.h */,
				5017D3CF16C994BD0046DB49 /* parser.h */,
				5017D3D016C994BD0046DB49 /* password.h */,
				5017D3D116C994BD0046DB49 /* player.h */,
				5017D3D216C994BD0046DB49 /* playlist.h */,
				5017D3D316C994BD0046DB49 /* protocol.h */,
				5017D3D416C994BD0046DB49 /* queue.h */,
				5017D3D516C994BD0046DB49 /* recv.h */,
				5017D3D616C994BD0046DB49 /* response.h */,
				5017D3D716C994BD0046DB49 /* search.h */,
				5017D3D816C994BD0046DB49 /* send.h */,
				5017D3D916C994BD0046DB49 /* settings.h */,
				5017D3DA16C994BD0046DB49 /* song.h */,
				5017D3DB16C994BD0046DB49 /* stats.h */,
				5017D3DC16C994BD0046DB49 /* status.h */,
				5017D3DD16C994BD0046DB49 /* sticker.h */,
				5017D3DE16C994BD0046DB49 /* tag.h */,
				5017D3DF16C994BD0046DB49 /* version.h */,
				5017D3E016C994BD0046DB49 /* version.h.in */,
			);
			path = mpd;
			sourceTree = "<group>";
		};
		5017D3E416C994BD0046DB49 /* m4 */ = {
			isa = PBXGroup;
			children = (
				5017D3E516C994BD0046DB49 /* ax_check_compiler_flags.m4 */,
				5017D3E616C994BD0046DB49 /* libtool.m4 */,
				5017D3E716C994BD0046DB49 /* ltoptions.m4 */,
				5017D3E816C994BD0046DB49 /* ltsugar.m4 */,
				5017D3E916C994BD0046DB49 /* ltversion.m4 */,
				5017D3EA16C994BD0046DB49 /* lt~obsolete.m4 */,
			);
			path = m4;
			sourceTree = "<group>";
		};
		5017D3EF16C994BD0046DB49 /* src */ = {
			isa = PBXGroup;
			children = (
				5017D3F016C994BD0046DB49 /* async.c */,
				5017D3F116C994BD0046DB49 /* buffer.h */,
				5017D3F216C994BD0046DB49 /* capabilities.c */,
				5017D3F316C994BD0046DB49 /* cmessage.c */,
				5017D3F416C994BD0046DB49 /* connection.c */,
				5017D3F516C994BD0046DB49 /* coutput.c */,
				5017D3F616C994BD0046DB49 /* cplaylist.c */,
				5017D3F716C994BD0046DB49 /* cstats.c */,
				5017D3F816C994BD0046DB49 /* cstatus.c */,
				5017D3F916C994BD0046DB49 /* database.c */,
				5017D3FA16C994BD0046DB49 /* directory.c */,
				5017D3FB16C994BD0046DB49 /* entity.c */,
				5017D3FC16C994BD0046DB49 /* error.c */,
				5017D3FD16C994BD0046DB49 /* example.c */,
				5017D3FE16C994BD0046DB49 /* fd_util.c */,
				5017D3FF16C994BD0046DB49 /* fd_util.h */,
				5017D40016C994BD0046DB49 /* iasync.h */,
				5017D40116C994BD0046DB49 /* idle.c */,
				5017D40216C994BD0046DB49 /* ierror.c */,
				5017D40316C994BD0046DB49 /* ierror.h */,
				5017D40416C994BD0046DB49 /* internal.h */,
				5017D40516C994BD0046DB49 /* isend.h */,
				5017D40616C994BD0046DB49 /* iso8601.c */,
				5017D40716C994BD0046DB49 /* iso8601.h */,
				5017D40816C994BD0046DB49 /* list.c */,
				5017D40916C994BD0046DB49 /* message.c */,
				5017D40A16C994BD0046DB49 /* mixer.c */,
				5017D40B16C994BD0046DB49 /* output.c */,
				5017D40C16C994BD0046DB49 /* parser.c */,
				5017D40D16C994BD0046DB49 /* password.c */,
				5017D40E16C994BD0046DB49 /* player.c */,
				5017D40F16C994BD0046DB49 /* playlist.c */,
				5017D41016C994BD0046DB49 /* queue.c */,
				5017D41116C994BD0046DB49 /* quote.c */,
				5017D41216C994BD0046DB49 /* quote.h */,
				5017D41316C994BD0046DB49 /* rdirectory.c */,
				5017D41416C994BD0046DB49 /* recv.c */,
				5017D41516C994BD0046DB49 /* resolver.c */,
				5017D41616C994BD0046DB49 /* resolver.h */,
				5017D41716C994BD0046DB49 /* response.c */,
				5017D41816C994BD0046DB49 /* rplaylist.c */,
				5017D41916C994BD0046DB49 /* run.c */,
				5017D41A16C994BD0046DB49 /* run.h */,
				5017D41B16C994BD0046DB49 /* search.c */,
				5017D41C16C994BD0046DB49 /* send.c */,
				5017D41D16C994BD0046DB49 /* settings.c */,
				5017D41E16C994BD0046DB49 /* socket.c */,
				5017D41F16C994BD0046DB49 /* socket.h */,
				5017D42016C994BD0046DB49 /* song.c */,
				5017D42116C994BD0046DB49 /* stats.c */,
				5017D42216C994BD0046DB49 /* status.c */,
				5017D42316C994BD0046DB49 /* sticker.c */,
				5017D42416C994BD0046DB49 /* sync.c */,
				5017D42516C994BD0046DB49 /* sync.h */,
				5017D42616C994BD0046DB49 /* tag.c */,
				5017D42716C994BD0046DB49 /* uri.h */,
			);
			path = src;
			sourceTree = "<group>";
		};
		5017D42816C994BD0046DB49 /* test */ = {
			isa = PBXGroup;
			children = (
				5017D42916C994BD0046DB49 /* main.c */,
				5017D42A16C994BD0046DB49 /* t_iso8601.c */,
			);
			path = test;
			sourceTree = "<group>";
		};
/* End PBXGroup section */

/* Begin PBXNativeTarget section */
		5017D31C16C993AF0046DB49 /* mpdClientLibarary */ = {
			isa = PBXNativeTarget;
			buildConfigurationList = 5017D34216C993AF0046DB49 /* Build configuration list for PBXNativeTarget "mpdClientLibarary" */;
			buildPhases = (
				5017D31916C993AF0046DB49 /* Sources */,
				5017D31A16C993AF0046DB49 /* Frameworks */,
				5017D31B16C993AF0046DB49 /* CopyFiles */,
			);
			buildRules = (
			);
			dependencies = (
			);
			name = mpdClientLibarary;
			productName = mpdClientLibarary;
			productReference = 5017D31D16C993AF0046DB49 /* libmpdClientLibarary.a */;
			productType = "com.apple.product-type.library.static";
		};
		5017D32D16C993AF0046DB49 /* mpdClientLibararyTests */ = {
			isa = PBXNativeTarget;
			buildConfigurationList = 5017D34516C993AF0046DB49 /* Build configuration list for PBXNativeTarget "mpdClientLibararyTests" */;
			buildPhases = (
				5017D32916C993AF0046DB49 /* Sources */,
				5017D32A16C993AF0046DB49 /* Frameworks */,
				5017D32B16C993AF0046DB49 /* Resources */,
				5017D32C16C993AF0046DB49 /* ShellScript */,
			);
			buildRules = (
			);
			dependencies = (
				5017D33516C993AF0046DB49 /* PBXTargetDependency */,
			);
			name = mpdClientLibararyTests;
			productName = mpdClientLibararyTests;
			productReference = 5017D32E16C993AF0046DB49 /* mpdClientLibararyTests.octest */;
			productType = "com.apple.product-type.bundle";
		};
/* End PBXNativeTarget section */

/* Begin PBXProject section */
		5017D31516C993AF0046DB49 /* Project object */ = {
			isa = PBXProject;
			attributes = {
				LastUpgradeCheck = 0460;
				ORGANIZATIONNAME = "Kyle Hershey";
			};
			buildConfigurationList = 5017D31816C993AF0046DB49 /* Build configuration list for PBXProject "mpdClientLibarary" */;
			compatibilityVersion = "Xcode 3.2";
			developmentRegion = English;
			hasScannedForEncodings = 0;
			knownRegions = (
				en,
			);
			mainGroup = 5017D31416C993AF0046DB49;
			productRefGroup = 5017D31E16C993AF0046DB49 /* Products */;
			projectDirPath = "";
			projectRoot = "";
			targets = (
				5017D31C16C993AF0046DB49 /* mpdClientLibarary */,
				5017D32D16C993AF0046DB49 /* mpdClientLibararyTests */,
			);
		};
/* End PBXProject section */

/* Begin PBXResourcesBuildPhase section */
		5017D32B16C993AF0046DB49 /* Resources */ = {
			isa = PBXResourcesBuildPhase;
			buildActionMask = 2147483647;
			files = (
				5017D33C16C993AF0046DB49 /* InfoPlist.strings in Resources */,
			);
			runOnlyForDeploymentPostprocessing = 0;
		};
/* End PBXResourcesBuildPhase section */

/* Begin PBXShellScriptBuildPhase section */
		5017D32C16C993AF0046DB49 /* ShellScript */ = {
			isa = PBXShellScriptBuildPhase;
			buildActionMask = 2147483647;
			files = (
			);
			inputPaths = (
			);
			outputPaths = (
			);
			runOnlyForDeploymentPostprocessing = 0;
			shellPath = /bin/sh;
			shellScript = "# Run the unit tests in this test bundle.\n\"${SYSTEM_DEVELOPER_DIR}/Tools/RunUnitTests\"\n";
		};
/* End PBXShellScriptBuildPhase section */

/* Begin PBXSourcesBuildPhase section */
		5017D31916C993AF0046DB49 /* Sources */ = {
			isa = PBXSourcesBuildPhase;
			buildActionMask = 2147483647;
			files = (
				5017D32816C993AF0046DB49 /* mpdClientLibarary.m in Sources */,
				5017D42B16C994BD0046DB49 /* async.c in Sources */,
				5017D42C16C994BD0046DB49 /* capabilities.c in Sources */,
				5017D42D16C994BD0046DB49 /* cmessage.c in Sources */,
				5017D42E16C994BD0046DB49 /* connection.c in Sources */,
				5017D42F16C994BD0046DB49 /* coutput.c in Sources */,
				5017D43016C994BD0046DB49 /* cplaylist.c in Sources */,
				5017D43116C994BD0046DB49 /* cstats.c in Sources */,
				5017D43216C994BD0046DB49 /* cstatus.c in Sources */,
				5017D43316C994BD0046DB49 /* database.c in Sources */,
				5017D43416C994BD0046DB49 /* directory.c in Sources */,
				5017D43516C994BD0046DB49 /* entity.c in Sources */,
				5017D43616C994BD0046DB49 /* error.c in Sources */,
				5017D43716C994BD0046DB49 /* example.c in Sources */,
				5017D43816C994BD0046DB49 /* fd_util.c in Sources */,
				5017D43916C994BD0046DB49 /* idle.c in Sources */,
				5017D43A16C994BD0046DB49 /* ierror.c in Sources */,
				5017D43B16C994BD0046DB49 /* iso8601.c in Sources */,
				5017D43C16C994BD0046DB49 /* list.c in Sources */,
				5017D43D16C994BD0046DB49 /* message.c in Sources */,
				5017D43E16C994BD0046DB49 /* mixer.c in Sources */,
				5017D43F16C994BD0046DB49 /* output.c in Sources */,
				5017D44016C994BD0046DB49 /* parser.c in Sources */,
				5017D44116C994BD0046DB49 /* password.c in Sources */,
				5017D44216C994BD0046DB49 /* player.c in Sources */,
				5017D44316C994BD0046DB49 /* playlist.c in Sources */,
				5017D44416C994BD0046DB49 /* queue.c in Sources */,
				5017D44516C994BD0046DB49 /* quote.c in Sources */,
				5017D44616C994BD0046DB49 /* rdirectory.c in Sources */,
				5017D44716C994BD0046DB49 /* recv.c in Sources */,
				5017D44816C994BD0046DB49 /* resolver.c in Sources */,
				5017D44916C994BD0046DB49 /* response.c in Sources */,
				5017D44A16C994BD0046DB49 /* rplaylist.c in Sources */,
				5017D44B16C994BD0046DB49 /* run.c in Sources */,
				5017D44C16C994BD0046DB49 /* search.c in Sources */,
				5017D44D16C994BD0046DB49 /* send.c in Sources */,
				5017D44E16C994BD0046DB49 /* settings.c in Sources */,
				5017D44F16C994BD0046DB49 /* socket.c in Sources */,
				5017D45016C994BD0046DB49 /* song.c in Sources */,
				5017D45116C994BD0046DB49 /* stats.c in Sources */,
				5017D45216C994BD0046DB49 /* status.c in Sources */,
				5017D45316C994BD0046DB49 /* sticker.c in Sources */,
				5017D45416C994BD0046DB49 /* sync.c in Sources */,
				5017D45516C994BD0046DB49 /* tag.c in Sources */,
				5017D45616C994BD0046DB49 /* main.c in Sources */,
				5017D45716C994BD0046DB49 /* t_iso8601.c in Sources */,
			);
			runOnlyForDeploymentPostprocessing = 0;
		};
		5017D32916C993AF0046DB49 /* Sources */ = {
			isa = PBXSourcesBuildPhase;
			buildActionMask = 2147483647;
			files = (
				5017D33F16C993AF0046DB49 /* mpdClientLibararyTests.m in Sources */,
			);
			runOnlyForDeploymentPostprocessing = 0;
		};
/* End PBXSourcesBuildPhase section */

/* Begin PBXTargetDependency section */
		5017D33516C993AF0046DB49 /* PBXTargetDependency */ = {
			isa = PBXTargetDependency;
			target = 5017D31C16C993AF0046DB49 /* mpdClientLibarary */;
			targetProxy = 5017D33416C993AF0046DB49 /* PBXContainerItemProxy */;
		};
/* End PBXTargetDependency section */

/* Begin PBXVariantGroup section */
		5017D33A16C993AF0046DB49 /* InfoPlist.strings */ = {
			isa = PBXVariantGroup;
			children = (
				5017D33B16C993AF0046DB49 /* en */,
			);
			name = InfoPlist.strings;
			sourceTree = "<group>";
		};
/* End PBXVariantGroup section */

/* Begin XCBuildConfiguration section */
		5017D34016C993AF0046DB49 /* Debug */ = {
			isa = XCBuildConfiguration;
			buildSettings = {
				ALWAYS_SEARCH_USER_PATHS = NO;
				CLANG_CXX_LANGUAGE_STANDARD = "gnu++0x";
				CLANG_CXX_LIBRARY = "libc++";
				CLANG_ENABLE_OBJC_ARC = YES;
				CLANG_WARN_CONSTANT_CONVERSION = YES;
				CLANG_WARN_EMPTY_BODY = YES;
				CLANG_WARN_ENUM_CONVERSION = YES;
				CLANG_WARN_INT_CONVERSION = YES;
				CLANG_WARN__DUPLICATE_METHOD_MATCH = YES;
				COPY_PHASE_STRIP = NO;
				GCC_C_LANGUAGE_STANDARD = gnu99;
				GCC_DYNAMIC_NO_PIC = NO;
				GCC_OPTIMIZATION_LEVEL = 0;
				GCC_PREPROCESSOR_DEFINITIONS = (
					"DEBUG=1",
					"$(inherited)",
				);
				GCC_SYMBOLS_PRIVATE_EXTERN = NO;
				GCC_WARN_ABOUT_RETURN_TYPE = YES;
				GCC_WARN_UNINITIALIZED_AUTOS = YES;
				GCC_WARN_UNUSED_VARIABLE = YES;
				IPHONEOS_DEPLOYMENT_TARGET = 6.1;
				ONLY_ACTIVE_ARCH = YES;
				SDKROOT = iphoneos;
			};
			name = Debug;
		};
		5017D34116C993AF0046DB49 /* Release */ = {
			isa = XCBuildConfiguration;
			buildSettings = {
				ALWAYS_SEARCH_USER_PATHS = NO;
				CLANG_CXX_LANGUAGE_STANDARD = "gnu++0x";
				CLANG_CXX_LIBRARY = "libc++";
				CLANG_ENABLE_OBJC_ARC = YES;
				CLANG_WARN_CONSTANT_CONVERSION = YES;
				CLANG_WARN_EMPTY_BODY = YES;
				CLANG_WARN_ENUM_CONVERSION = YES;
				CLANG_WARN_INT_CONVERSION = YES;
				CLANG_WARN__DUPLICATE_METHOD_MATCH = YES;
				COPY_PHASE_STRIP = YES;
				GCC_C_LANGUAGE_STANDARD = gnu99;
				GCC_WARN_ABOUT_RETURN_TYPE = YES;
				GCC_WARN_UNINITIALIZED_AUTOS = YES;
				GCC_WARN_UNUSED_VARIABLE = YES;
				IPHONEOS_DEPLOYMENT_TARGET = 6.1;
				SDKROOT = iphoneos;
				VALIDATE_PRODUCT = YES;
			};
			name = Release;
		};
		5017D34316C993AF0046DB49 /* Debug */ = {
			isa = XCBuildConfiguration;
			buildSettings = {
				DSTROOT = /tmp/mpdClientLibarary.dst;
				GCC_PRECOMPILE_PREFIX_HEADER = YES;
				GCC_PREFIX_HEADER = "mpdClientLibarary/mpdClientLibarary-Prefix.pch";
				HEADER_SEARCH_PATHS = (
					"~/Desktop/Kyle",
					"Code/MPpleD/libmpdclient-2.7/include",
				);
				OTHER_LDFLAGS = "-ObjC";
				PRODUCT_NAME = "$(TARGET_NAME)";
				SKIP_INSTALL = YES;
			};
			name = Debug;
		};
		5017D34416C993AF0046DB49 /* Release */ = {
			isa = XCBuildConfiguration;
			buildSettings = {
				DSTROOT = /tmp/mpdClientLibarary.dst;
				GCC_PRECOMPILE_PREFIX_HEADER = YES;
				GCC_PREFIX_HEADER = "mpdClientLibarary/mpdClientLibarary-Prefix.pch";
				HEADER_SEARCH_PATHS = (
					"~/Desktop/Kyle",
					"Code/MPpleD/libmpdclient-2.7/include",
				);
				OTHER_LDFLAGS = "-ObjC";
				PRODUCT_NAME = "$(TARGET_NAME)";
				SKIP_INSTALL = YES;
			};
			name = Release;
		};
		5017D34616C993AF0046DB49 /* Debug */ = {
			isa = XCBuildConfiguration;
			buildSettings = {
				FRAMEWORK_SEARCH_PATHS = (
					"\"$(SDKROOT)/Developer/Library/Frameworks\"",
					"\"$(DEVELOPER_LIBRARY_DIR)/Frameworks\"",
				);
				GCC_PRECOMPILE_PREFIX_HEADER = YES;
				GCC_PREFIX_HEADER = "mpdClientLibarary/mpdClientLibarary-Prefix.pch";
				INFOPLIST_FILE = "mpdClientLibararyTests/mpdClientLibararyTests-Info.plist";
				PRODUCT_NAME = "$(TARGET_NAME)";
				WRAPPER_EXTENSION = octest;
			};
			name = Debug;
		};
		5017D34716C993AF0046DB49 /* Release */ = {
			isa = XCBuildConfiguration;
			buildSettings = {
				FRAMEWORK_SEARCH_PATHS = (
					"\"$(SDKROOT)/Developer/Library/Frameworks\"",
					"\"$(DEVELOPER_LIBRARY_DIR)/Frameworks\"",
				);
				GCC_PRECOMPILE_PREFIX_HEADER = YES;
				GCC_PREFIX_HEADER = "mpdClientLibarary/mpdClientLibarary-Prefix.pch";
				INFOPLIST_FILE = "mpdClientLibararyTests/mpdClientLibararyTests-Info.plist";
				PRODUCT_NAME = "$(TARGET_NAME)";
				WRAPPER_EXTENSION = octest;
			};
			name = Release;
		};
/* End XCBuildConfiguration section */

/* Begin XCConfigurationList section */
		5017D31816C993AF0046DB49 /* Build configuration list for PBXProject "mpdClientLibarary" */ = {
			isa = XCConfigurationList;
			buildConfigurations = (
				5017D34016C993AF0046DB49 /* Debug */,
				5017D34116C993AF0046DB49 /* Release */,
			);
			defaultConfigurationIsVisible = 0;
			defaultConfigurationName = Release;
		};
		5017D34216C993AF0046DB49 /* Build configuration list for PBXNativeTarget "mpdClientLibarary" */ = {
			isa = XCConfigurationList;
			buildConfigurations = (
				5017D34316C993AF0046DB49 /* Debug */,
				5017D34416C993AF0046DB49 /* Release */,
			);
			defaultConfigurationIsVisible = 0;
			defaultConfigurationName = Release;
		};
		5017D34516C993AF0046DB49 /* Build configuration list for PBXNativeTarget "mpdClientLibararyTests" */ = {
			isa = XCConfigurationList;
			buildConfigurations = (
				5017D34616C993AF0046DB49 /* Debug */,
				5017D34716C993AF0046DB49 /* Release */,
			);
			defaultConfigurationIsVisible = 0;
			defaultConfigurationName = Release;
		};
/* End XCConfigurationList section */
	};
	rootObject = 5017D31516C993AF0046DB49 /* Project object */;
}
